
Microsoft Visual Studio Solution File, Format Version 12.00
# Visual Studio Version 16
VisualStudioVersion = 16.0.30320.27
MinimumVisualStudioVersion = 10.0.40219.1
Project("{FAE04EC0-301F-11D3-BF4B-00C04F79EFBC}") = "LuisMiguelBR.Unidad2.Practica2", "LuisMiguelBR.Unidad2.Practica2\LuisMiguelBR.Unidad2.Practica2.csproj", "{A2623CB3-4CBF-4D29-915F-1474A8EF1E01}"
EndProject
Global
	GlobalSection(SolutionConfigurationPlatforms) = preSolution
		Debug|Any CPU = Debug|Any CPU
		Release|Any CPU = Release|Any CPU
	EndGlobalSection
	GlobalSection(ProjectConfigurationPlatforms) = postSolution
		{A2623CB3-4CBF-4D29-915F-1474A8EF1E01}.Debug|Any CPU.ActiveCfg = Debug|Any CPU
		{A2623CB3-4CBF-4D29-915F-1474A8EF1E01}.Debug|Any CPU.Build.0 = Debug|Any CPU
		{A2623CB3-4CBF-4D29-915F-1474A8EF1E01}.Release|Any CPU.ActiveCfg = Release|Any CPU
		{A2623CB3-4CBF-4D29-915F-1474A8EF1E01}.Release|Any CPU.Build.0 = Release|Any CPU
	EndGlobalSection
	GlobalSection(SolutionProperties) = preSolution
		HideSolutionNode = FALSE
	EndGlobalSection
	GlobalSection(ExtensibilityGlobals) = postSolution
		SolutionGuid = {1D503DAE-45BC-4FB5-BC10-87B1AD8F84E0}
	EndGlobalSection
EndGlobal
