
Microsoft Visual Studio Solution File, Format Version 12.00
# Visual Studio Version 16
VisualStudioVersion = 16.0.30320.27
MinimumVisualStudioVersion = 10.0.40219.1
Project("{FAE04EC0-301F-11D3-BF4B-00C04F79EFBC}") = "LuisMiguelBR.Unidad2.Practica5A", "LuisMiguelBR.Unidad2.Practica5A\LuisMiguelBR.Unidad2.Practica5A.csproj", "{51041A4F-D28F-47D8-833B-3C978F458442}"
EndProject
Global
	GlobalSection(SolutionConfigurationPlatforms) = preSolution
		Debug|Any CPU = Debug|Any CPU
		Release|Any CPU = Release|Any CPU
	EndGlobalSection
	GlobalSection(ProjectConfigurationPlatforms) = postSolution
		{51041A4F-D28F-47D8-833B-3C978F458442}.Debug|Any CPU.ActiveCfg = Debug|Any CPU
		{51041A4F-D28F-47D8-833B-3C978F458442}.Debug|Any CPU.Build.0 = Debug|Any CPU
		{51041A4F-D28F-47D8-833B-3C978F458442}.Release|Any CPU.ActiveCfg = Release|Any CPU
		{51041A4F-D28F-47D8-833B-3C978F458442}.Release|Any CPU.Build.0 = Release|Any CPU
	EndGlobalSection
	GlobalSection(SolutionProperties) = preSolution
		HideSolutionNode = FALSE
	EndGlobalSection
	GlobalSection(ExtensibilityGlobals) = postSolution
		SolutionGuid = {69BD57F5-584D-4092-9F64-BCABF52E26D0}
	EndGlobalSection
EndGlobal
